
Microsoft Visual Studio Solution File, Format Version 12.00
# Visual Studio 15
VisualStudioVersion = 15.0.26430.13
MinimumVisualStudioVersion = 10.0.40219.1
Project("{FAE04EC0-301F-11D3-BF4B-00C04F79EFBC}") = "PhoneShop", "PhoneShop\PhoneShop.csproj", "{0F65A039-3B10-4707-BE9E-60E87F7DE0A3}"
EndProject
Global
	GlobalSection(SolutionConfigurationPlatforms) = preSolution
		Debug|Any CPU = Debug|Any CPU
		Release|Any CPU = Release|Any CPU
	EndGlobalSection
	GlobalSection(ProjectConfigurationPlatforms) = postSolution
		{0F65A039-3B10-4707-BE9E-60E87F7DE0A3}.Debug|Any CPU.ActiveCfg = Debug|Any CPU
		{0F65A039-3B10-4707-BE9E-60E87F7DE0A3}.Debug|Any CPU.Build.0 = Debug|Any CPU
		{0F65A039-3B10-4707-BE9E-60E87F7DE0A3}.Release|Any CPU.ActiveCfg = Release|Any CPU
		{0F65A039-3B10-4707-BE9E-60E87F7DE0A3}.Release|Any CPU.Build.0 = Release|Any CPU
	EndGlobalSection
	GlobalSection(SolutionProperties) = preSolution
		HideSolutionNode = FALSE
	EndGlobalSection
EndGlobal
